
Microsoft Visual Studio Solution File, Format Version 12.00
# Visual Studio Version 17
VisualStudioVersion = 17.0.31912.275
MinimumVisualStudioVersion = 10.0.40219.1
Project("{9A19103F-16F7-4668-BE54-9A1E7A4F7556}") = "Cryptography", "Cryptography\Cryptography.csproj", "{1FCB25D6-50D7-49E9-A9C8-6E24043D3471}"
EndProject
Project("{9A19103F-16F7-4668-BE54-9A1E7A4F7556}") = "Cryptography.Console", "Cryptography.Console\Cryptography.Console.csproj", "{7A83E0F6-4DDE-4498-9BAC-67959DBA2122}"
EndProject
Global
	GlobalSection(SolutionConfigurationPlatforms) = preSolution
		Debug|Any CPU = Debug|Any CPU
		Release|Any CPU = Release|Any CPU
	EndGlobalSection
	GlobalSection(ProjectConfigurationPlatforms) = postSolution
		{1FCB25D6-50D7-49E9-A9C8-6E24043D3471}.Debug|Any CPU.ActiveCfg = Debug|Any CPU
		{1FCB25D6-50D7-49E9-A9C8-6E24043D3471}.Debug|Any CPU.Build.0 = Debug|Any CPU
		{1FCB25D6-50D7-49E9-A9C8-6E24043D3471}.Release|Any CPU.ActiveCfg = Release|Any CPU
		{1FCB25D6-50D7-49E9-A9C8-6E24043D3471}.Release|Any CPU.Build.0 = Release|Any CPU
		{7A83E0F6-4DDE-4498-9BAC-67959DBA2122}.Debug|Any CPU.ActiveCfg = Debug|Any CPU
		{7A83E0F6-4DDE-4498-9BAC-67959DBA2122}.Debug|Any CPU.Build.0 = Debug|Any CPU
		{7A83E0F6-4DDE-4498-9BAC-67959DBA2122}.Release|Any CPU.ActiveCfg = Release|Any CPU
		{7A83E0F6-4DDE-4498-9BAC-67959DBA2122}.Release|Any CPU.Build.0 = Release|Any CPU
	EndGlobalSection
	GlobalSection(SolutionProperties) = preSolution
		HideSolutionNode = FALSE
	EndGlobalSection
	GlobalSection(ExtensibilityGlobals) = postSolution
		SolutionGuid = {B1FD07E6-A4BC-4A26-B1FC-AF9CCFDB85FA}
	EndGlobalSection
EndGlobal
